
Microsoft Visual Studio Solution File, Format Version 12.00
# Visual Studio Version 16
VisualStudioVersion = 16.0.36602.28
MinimumVisualStudioVersion = 10.0.40219.1
Project("{FAE04EC0-301F-11D3-BF4B-00C04F79EFBC}") = "OBeautifulCode.CoreOperation", "OBeautifulCode.CoreOperation\OBeautifulCode.CoreOperation.csproj", "{EB90F51E-4F65-424A-A781-CBFD89E08272}"
EndProject
Project("{FAE04EC0-301F-11D3-BF4B-00C04F79EFBC}") = "OBeautifulCode.CoreOperation.Test", "OBeautifulCode.CoreOperation.Test\OBeautifulCode.CoreOperation.Test.csproj", "{1FB4AA17-BB08-4AF4-A230-EEEA67E3BAD8}"
EndProject
Project("{FAE04EC0-301F-11D3-BF4B-00C04F79EFBC}") = "OBeautifulCode.CoreOperation.Serialization.Bson", "OBeautifulCode.CoreOperation.Serialization.Bson\OBeautifulCode.CoreOperation.Serialization.Bson.csproj", "{25A61751-B5E2-4E7E-9423-079B97E33337}"
EndProject
Project("{FAE04EC0-301F-11D3-BF4B-00C04F79EFBC}") = "OBeautifulCode.CoreOperation.Serialization.Json", "OBeautifulCode.CoreOperation.Serialization.Json\OBeautifulCode.CoreOperation.Serialization.Json.csproj", "{5E9CD09B-EA06-40D2-84F0-267D9F850CBD}"
EndProject
Project("{2150E333-8FDC-42A3-9474-1A3956D46DE8}") = "Solution Items", "Solution Items", "{3513E4B8-984D-4F9C-A623-143F66D0877A}"
	ProjectSection(SolutionItems) = preProject
		.gitignore = .gitignore
		LICENSE = LICENSE
		OBeautifulCode.CoreOperation.sln.DotSettings = OBeautifulCode.CoreOperation.sln.DotSettings
		README.md = README.md
		RepoConfig.state = RepoConfig.state
	EndProjectSection
EndProject
Global
	GlobalSection(SolutionConfigurationPlatforms) = preSolution
		Debug|Any CPU = Debug|Any CPU
		Release|Any CPU = Release|Any CPU
	EndGlobalSection
	GlobalSection(ProjectConfigurationPlatforms) = postSolution
		{EB90F51E-4F65-424A-A781-CBFD89E08272}.Debug|Any CPU.ActiveCfg = Debug|Any CPU
		{EB90F51E-4F65-424A-A781-CBFD89E08272}.Debug|Any CPU.Build.0 = Debug|Any CPU
		{EB90F51E-4F65-424A-A781-CBFD89E08272}.Release|Any CPU.ActiveCfg = Release|Any CPU
		{EB90F51E-4F65-424A-A781-CBFD89E08272}.Release|Any CPU.Build.0 = Release|Any CPU
		{1FB4AA17-BB08-4AF4-A230-EEEA67E3BAD8}.Debug|Any CPU.ActiveCfg = Debug|Any CPU
		{1FB4AA17-BB08-4AF4-A230-EEEA67E3BAD8}.Debug|Any CPU.Build.0 = Debug|Any CPU
		{1FB4AA17-BB08-4AF4-A230-EEEA67E3BAD8}.Release|Any CPU.ActiveCfg = Release|Any CPU
		{1FB4AA17-BB08-4AF4-A230-EEEA67E3BAD8}.Release|Any CPU.Build.0 = Release|Any CPU
		{25A61751-B5E2-4E7E-9423-079B97E33337}.Debug|Any CPU.ActiveCfg = Debug|Any CPU
		{25A61751-B5E2-4E7E-9423-079B97E33337}.Debug|Any CPU.Build.0 = Debug|Any CPU
		{25A61751-B5E2-4E7E-9423-079B97E33337}.Release|Any CPU.ActiveCfg = Release|Any CPU
		{25A61751-B5E2-4E7E-9423-079B97E33337}.Release|Any CPU.Build.0 = Release|Any CPU
		{5E9CD09B-EA06-40D2-84F0-267D9F850CBD}.Debug|Any CPU.ActiveCfg = Debug|Any CPU
		{5E9CD09B-EA06-40D2-84F0-267D9F850CBD}.Debug|Any CPU.Build.0 = Debug|Any CPU
		{5E9CD09B-EA06-40D2-84F0-267D9F850CBD}.Release|Any CPU.ActiveCfg = Release|Any CPU
		{5E9CD09B-EA06-40D2-84F0-267D9F850CBD}.Release|Any CPU.Build.0 = Release|Any CPU
	EndGlobalSection
	GlobalSection(SolutionProperties) = preSolution
		HideSolutionNode = FALSE
	EndGlobalSection
	GlobalSection(ExtensibilityGlobals) = postSolution
		SolutionGuid = {9001DD2B-B18D-42A4-AA87-8EFD656163A8}
	EndGlobalSection
EndGlobal
